Microsoft Visual Studio Solution File, Format Version 12.00
# Visual Studio Version 17
VisualStudioVersion = 17.5.2.0
MinimumVisualStudioVersion = 10.0.40219.1
Project("{FAE04EC0-301F-11D3-BF4B-00C04F79EFBC}") = "RandomNumberApp", "RandomNumberApp.csproj", "{FA2FF850-29B1-9DD8-7D2A-E9252AD3B85E}"
EndProject
Global
	GlobalSection(SolutionConfigurationPlatforms) = preSolution
		Debug|Any CPU = Debug|Any CPU
		Release|Any CPU = Release|Any CPU
	EndGlobalSection
	GlobalSection(ProjectConfigurationPlatforms) = postSolution
		{FA2FF850-29B1-9DD8-7D2A-E9252AD3B85E}.Debug|Any CPU.ActiveCfg = Debug|Any CPU
		{FA2FF850-29B1-9DD8-7D2A-E9252AD3B85E}.Debug|Any CPU.Build.0 = Debug|Any CPU
		{FA2FF850-29B1-9DD8-7D2A-E9252AD3B85E}.Release|Any CPU.ActiveCfg = Release|Any CPU
		{FA2FF850-29B1-9DD8-7D2A-E9252AD3B85E}.Release|Any CPU.Build.0 = Release|Any CPU
	EndGlobalSection
	GlobalSection(SolutionProperties) = preSolution
		HideSolutionNode = FALSE
	EndGlobalSection
	GlobalSection(ExtensibilityGlobals) = postSolution
		SolutionGuid = {DECB052D-5638-481C-BDF1-19608542918C}
	EndGlobalSection
EndGlobal
